
Microsoft Visual Studio Solution File, Format Version 12.00
# Visual Studio Version 17
VisualStudioVersion = 17.9.34723.18
MinimumVisualStudioVersion = 10.0.40219.1
Project("{9A19103F-16F7-4668-BE54-9A1E7A4F7556}") = "MasPorMenos.WebApi", "MasPorMenos.WebApi\MasPorMenos.WebApi.csproj", "{87F68768-9140-4438-B54D-3EF9CDFDA8B6}"
EndProject
Project("{9A19103F-16F7-4668-BE54-9A1E7A4F7556}") = "Dominio", "Dominio\Dominio.csproj", "{71A582E5-F499-492A-B5C3-8F4C9E922B74}"
EndProject
Project("{FAE04EC0-301F-11D3-BF4B-00C04F79EFBC}") = "Servicio", "Servicio\Servicio.csproj", "{1097BB23-B1A2-469E-A87C-7143E2F660A5}"
EndProject
Project("{FAE04EC0-301F-11D3-BF4B-00C04F79EFBC}") = "Repositorio", "Repositorio\Repositorio.csproj", "{B2C1A825-15BB-4AD6-B149-789F2531635F}"
EndProject
Global
	GlobalSection(SolutionConfigurationPlatforms) = preSolution
		Debug|Any CPU = Debug|Any CPU
		Release|Any CPU = Release|Any CPU
	EndGlobalSection
	GlobalSection(ProjectConfigurationPlatforms) = postSolution
		{87F68768-9140-4438-B54D-3EF9CDFDA8B6}.Debug|Any CPU.ActiveCfg = Debug|Any CPU
		{87F68768-9140-4438-B54D-3EF9CDFDA8B6}.Debug|Any CPU.Build.0 = Debug|Any CPU
		{87F68768-9140-4438-B54D-3EF9CDFDA8B6}.Release|Any CPU.ActiveCfg = Release|Any CPU
		{87F68768-9140-4438-B54D-3EF9CDFDA8B6}.Release|Any CPU.Build.0 = Release|Any CPU
		{71A582E5-F499-492A-B5C3-8F4C9E922B74}.Debug|Any CPU.ActiveCfg = Debug|Any CPU
		{71A582E5-F499-492A-B5C3-8F4C9E922B74}.Debug|Any CPU.Build.0 = Debug|Any CPU
		{71A582E5-F499-492A-B5C3-8F4C9E922B74}.Release|Any CPU.ActiveCfg = Release|Any CPU
		{71A582E5-F499-492A-B5C3-8F4C9E922B74}.Release|Any CPU.Build.0 = Release|Any CPU
		{1097BB23-B1A2-469E-A87C-7143E2F660A5}.Debug|Any CPU.ActiveCfg = Debug|Any CPU
		{1097BB23-B1A2-469E-A87C-7143E2F660A5}.Debug|Any CPU.Build.0 = Debug|Any CPU
		{1097BB23-B1A2-469E-A87C-7143E2F660A5}.Release|Any CPU.ActiveCfg = Release|Any CPU
		{1097BB23-B1A2-469E-A87C-7143E2F660A5}.Release|Any CPU.Build.0 = Release|Any CPU
		{B2C1A825-15BB-4AD6-B149-789F2531635F}.Debug|Any CPU.ActiveCfg = Debug|Any CPU
		{B2C1A825-15BB-4AD6-B149-789F2531635F}.Debug|Any CPU.Build.0 = Debug|Any CPU
		{B2C1A825-15BB-4AD6-B149-789F2531635F}.Release|Any CPU.ActiveCfg = Release|Any CPU
		{B2C1A825-15BB-4AD6-B149-789F2531635F}.Release|Any CPU.Build.0 = Release|Any CPU
	EndGlobalSection
	GlobalSection(SolutionProperties) = preSolution
		HideSolutionNode = FALSE
	EndGlobalSection
	GlobalSection(ExtensibilityGlobals) = postSolution
		SolutionGuid = {54874210-76D7-448D-B2B3-6744767DAFB1}
	EndGlobalSection
EndGlobal
